// !$*UTF8*$!
{
	archiveVersion = 1;
	classes = {
	};
	objectVersion = 56;
	objects = {

/* Begin PBXBuildFile section */
		F00000000000000000000062 /* PrivacyInfo.xcprivacy in Resources */ = {isa = PBXBuildFile; fileRef = F00000000000000000000063 /* PrivacyInfo.xcprivacy */; };
		F000000000000000000000061 /* TimelineRepository.swift in Sources */ = {isa = PBXBuildFile; fileRef = F000000000000000000000060 /* TimelineRepository.swift */; };
		F0000000000000000000000A /* LineyApp.swift in Sources */ = {isa = PBXBuildFile; fileRef = F00000000000000000000007 /* LineyApp.swift */; };
		F0000000000000000000000B /* Assets.xcassets in Resources */ = {isa = PBXBuildFile; fileRef = F00000000000000000000008 /* Assets.xcassets */; };
		F0000000000000000000000C /* Localizable.xcstrings in Resources */ = {isa = PBXBuildFile; fileRef = F00000000000000000000009 /* Localizable.xcstrings */; };
		F00000000000000000000016 /* JournalModels.swift in Sources */ = {isa = PBXBuildFile; fileRef = F0000000000000000000001A /* JournalModels.swift */; };
		F00000000000000000000017 /* EntryEditorView.swift in Sources */ = {isa = PBXBuildFile; fileRef = F0000000000000000000001B /* EntryEditorView.swift */; };
		F00000000000000000000018 /* TimelineView.swift in Sources */ = {isa = PBXBuildFile; fileRef = F0000000000000000000001C /* TimelineView.swift */; };
		F00000000000000000000019 /* JournalEntryFlowTests.swift in Sources */ = {isa = PBXBuildFile; fileRef = F0000000000000000000001D /* JournalEntryFlowTests.swift */; };
		F0000000000000000000002A /* PhotoStorage.swift in Sources */ = {isa = PBXBuildFile; fileRef = F00000000000000000000029 /* PhotoStorage.swift */; };
		F0000000000000000000002E /* DayOneImport.swift in Sources */ = {isa = PBXBuildFile; fileRef = F0000000000000000000002B /* DayOneImport.swift */; };
		F0000000000000000000002F /* ImportJournalView.swift in Sources */ = {isa = PBXBuildFile; fileRef = F0000000000000000000002C /* ImportJournalView.swift */; };
		F00000000000000000000030 /* DayOneImportTests.swift in Sources */ = {isa = PBXBuildFile; fileRef = F0000000000000000000002D /* DayOneImportTests.swift */; };
		F00000000000000000000031 /* ZIPFoundation in Frameworks */ = {isa = PBXBuildFile; productRef = F00000000000000000000035 /* ZIPFoundation */; };
		F00000000000000000000032 /* ZIPFoundation in Frameworks */ = {isa = PBXBuildFile; productRef = F00000000000000000000036 /* ZIPFoundation */; };
		F00000000000000000000038 /* JournalExportTests.swift in Sources */ = {isa = PBXBuildFile; fileRef = F00000000000000000000037 /* JournalExportTests.swift */; };
		F0000000000000000000003A /* JournalExport.swift in Sources */ = {isa = PBXBuildFile; fileRef = F00000000000000000000039 /* JournalExport.swift */; };
		F0000000000000000000003C /* ExportJournalView.swift in Sources */ = {isa = PBXBuildFile; fileRef = F0000000000000000000003B /* ExportJournalView.swift */; };
		F0000000000000000000003E /* AppLockTests.swift in Sources */ = {isa = PBXBuildFile; fileRef = F0000000000000000000003D /* AppLockTests.swift */; };
		F000000000000000000000A2 /* StorageFullTests.swift in Sources */ = {isa = PBXBuildFile; fileRef = F000000000000000000000A1 /* StorageFullTests.swift */; };
		F000000000000000000000A4 /* InterruptedTransferTests.swift in Sources */ = {isa = PBXBuildFile; fileRef = F000000000000000000000A3 /* InterruptedTransferTests.swift */; };
		F000000000000000000000A6 /* PhotoQuarantineTests.swift in Sources */ = {isa = PBXBuildFile; fileRef = F000000000000000000000A5 /* PhotoQuarantineTests.swift */; };
		F00000000000000000000040 /* InfoPlist.strings in Resources */ = {isa = PBXBuildFile; fileRef = F0000000000000000000003F /* InfoPlist.strings */; };
		F00000000000000000000043 /* Liney.icon in Resources */ = {isa = PBXBuildFile; fileRef = F00000000000000000000044 /* Liney.icon */; };
		F00000000000000000000045 /* Fixtures in Resources */ = {isa = PBXBuildFile; fileRef = F00000000000000000000046 /* Fixtures */; };
		F0000000000000000000005A /* AppLock.swift in Sources */ = {isa = PBXBuildFile; fileRef = F00000000000000000000050 /* AppLock.swift */; };
		F0000000000000000000005B /* UIKitSupport.swift in Sources */ = {isa = PBXBuildFile; fileRef = F00000000000000000000051 /* UIKitSupport.swift */; };
		F0000000000000000000005C /* SettingsViewController.swift in Sources */ = {isa = PBXBuildFile; fileRef = F00000000000000000000052 /* SettingsViewController.swift */; };
/* End PBXBuildFile section */

/* Begin PBXContainerItemProxy section */
		F00000000000000000000028 /* PBXContainerItemProxy */ = {
			isa = PBXContainerItemProxy;
			containerPortal = F00000000000000000000001 /* Project object */;
			proxyType = 1;
			remoteGlobalIDString = F00000000000000000000002;
			remoteInfo = Liney;
		};
/* End PBXContainerItemProxy section */

/* Begin PBXFileReference section */
		F00000000000000000000063 /* PrivacyInfo.xcprivacy */ = {isa = PBXFileReference; lastKnownFileType = text.xml; path = PrivacyInfo.xcprivacy; sourceTree = "<group>"; };
		F00000000000000000000003 /* Liney.app */ = {isa = PBXFileReference; explicitFileType = wrapper.application; includeInIndex = 0; path = Liney.app; sourceTree = BUILT_PRODUCTS_DIR; };
		F000000000000000000000060 /* TimelineRepository.swift */ = {isa = PBXFileReference; lastKnownFileType = sourcecode.swift; path = TimelineRepository.swift; sourceTree = "<group>"; };
		F00000000000000000000007 /* LineyApp.swift */ = {isa = PBXFileReference; lastKnownFileType = sourcecode.swift; path = LineyApp.swift; sourceTree = "<group>"; };
		F00000000000000000000008 /* Assets.xcassets */ = {isa = PBXFileReference; lastKnownFileType = folder.assetcatalog; path = Assets.xcassets; sourceTree = "<group>"; };
		F00000000000000000000009 /* Localizable.xcstrings */ = {isa = PBXFileReference; lastKnownFileType = text.json.xcstrings; path = Localizable.xcstrings; sourceTree = "<group>"; };
		F0000000000000000000001A /* JournalModels.swift */ = {isa = PBXFileReference; lastKnownFileType = sourcecode.swift; path = JournalModels.swift; sourceTree = "<group>"; };
		F0000000000000000000001B /* EntryEditorView.swift */ = {isa = PBXFileReference; lastKnownFileType = sourcecode.swift; path = EntryEditorView.swift; sourceTree = "<group>"; };
		F0000000000000000000001C /* TimelineView.swift */ = {isa = PBXFileReference; lastKnownFileType = sourcecode.swift; path = TimelineView.swift; sourceTree = "<group>"; };
		F0000000000000000000001D /* JournalEntryFlowTests.swift */ = {isa = PBXFileReference; lastKnownFileType = sourcecode.swift; path = JournalEntryFlowTests.swift; sourceTree = "<group>"; };
		F0000000000000000000001E /* LineyTests.xctest */ = {isa = PBXFileReference; explicitFileType = wrapper.cfbundle; includeInIndex = 0; path = LineyTests.xctest; sourceTree = BUILT_PRODUCTS_DIR; };
		F00000000000000000000029 /* PhotoStorage.swift */ = {isa = PBXFileReference; lastKnownFileType = sourcecode.swift; path = PhotoStorage.swift; sourceTree = "<group>"; };
		F0000000000000000000002B /* DayOneImport.swift */ = {isa = PBXFileReference; lastKnownFileType = sourcecode.swift; path = DayOneImport.swift; sourceTree = "<group>"; };
		F0000000000000000000002C /* ImportJournalView.swift */ = {isa = PBXFileReference; lastKnownFileType = sourcecode.swift; path = ImportJournalView.swift; sourceTree = "<group>"; };
		F0000000000000000000002D /* DayOneImportTests.swift */ = {isa = PBXFileReference; lastKnownFileType = sourcecode.swift; path = DayOneImportTests.swift; sourceTree = "<group>"; };
		F00000000000000000000037 /* JournalExportTests.swift */ = {isa = PBXFileReference; lastKnownFileType = sourcecode.swift; path = JournalExportTests.swift; sourceTree = "<group>"; };
		F000000000000000000000A1 /* StorageFullTests.swift */ = {isa = PBXFileReference; lastKnownFileType = sourcecode.swift; path = StorageFullTests.swift; sourceTree = "<group>"; };
		F000000000000000000000A3 /* InterruptedTransferTests.swift */ = {isa = PBXFileReference; lastKnownFileType = sourcecode.swift; path = InterruptedTransferTests.swift; sourceTree = "<group>"; };
		F000000000000000000000A5 /* PhotoQuarantineTests.swift */ = {isa = PBXFileReference; lastKnownFileType = sourcecode.swift; path = PhotoQuarantineTests.swift; sourceTree = "<group>"; };
		F00000000000000000000039 /* JournalExport.swift */ = {isa = PBXFileReference; lastKnownFileType = sourcecode.swift; path = JournalExport.swift; sourceTree = "<group>"; };
		F0000000000000000000003B /* ExportJournalView.swift */ = {isa = PBXFileReference; lastKnownFileType = sourcecode.swift; path = ExportJournalView.swift; sourceTree = "<group>"; };
		F0000000000000000000003D /* AppLockTests.swift */ = {isa = PBXFileReference; lastKnownFileType = sourcecode.swift; path = AppLockTests.swift; sourceTree = "<group>"; };
		F00000000000000000000041 /* en */ = {isa = PBXFileReference; lastKnownFileType = text.plist.strings; name = en; path = en.lproj/InfoPlist.strings; sourceTree = "<group>"; };
		F00000000000000000000042 /* zh-Hans */ = {isa = PBXFileReference; lastKnownFileType = text.plist.strings; name = "zh-Hans"; path = "zh-Hans.lproj/InfoPlist.strings"; sourceTree = "<group>"; };
		F00000000000000000000044 /* Liney.icon */ = {isa = PBXFileReference; lastKnownFileType = folder.iconcomposer.icon; path = Liney.icon; sourceTree = "<group>"; };
		F00000000000000000000046 /* Fixtures */ = {isa = PBXFileReference; lastKnownFileType = folder; path = Fixtures; sourceTree = "<group>"; };
		F00000000000000000000050 /* AppLock.swift */ = {isa = PBXFileReference; lastKnownFileType = sourcecode.swift; path = AppLock.swift; sourceTree = "<group>"; };
		F00000000000000000000051 /* UIKitSupport.swift */ = {isa = PBXFileReference; lastKnownFileType = sourcecode.swift; path = UIKitSupport.swift; sourceTree = "<group>"; };
		F00000000000000000000052 /* SettingsViewController.swift */ = {isa = PBXFileReference; lastKnownFileType = sourcecode.swift; path = SettingsViewController.swift; sourceTree = "<group>"; };
/* End PBXFileReference section */

/* Begin PBXFrameworksBuildPhase section */
		F00000000000000000000022 /* Frameworks */ = {
			isa = PBXFrameworksBuildPhase;
			buildActionMask = 2147483647;
			files = (
				F00000000000000000000032 /* ZIPFoundation in Frameworks */,
			);
			runOnlyForDeploymentPostprocessing = 0;
		};
		F00000000000000000000033 /* Frameworks */ = {
			isa = PBXFrameworksBuildPhase;
			buildActionMask = 2147483647;
			files = (
				F00000000000000000000031 /* ZIPFoundation in Frameworks */,
			);
			runOnlyForDeploymentPostprocessing = 0;
		};
/* End PBXFrameworksBuildPhase section */

/* Begin PBXGroup section */
		F00000000000000000000004 = {
			isa = PBXGroup;
			children = (
				F00000000000000000000006 /* Liney */,
				F0000000000000000000001F /* LineyTests */,
				F00000000000000000000005 /* Products */,
			);
			sourceTree = "<group>";
		};
		F00000000000000000000005 /* Products */ = {
			isa = PBXGroup;
			children = (
				F00000000000000000000003 /* Liney.app */,
				F0000000000000000000001E /* LineyTests.xctest */,
			);
			name = Products;
			sourceTree = "<group>";
		};
		F00000000000000000000006 /* Liney */ = {
			isa = PBXGroup;
			children = (
				F00000000000000000000007 /* LineyApp.swift */,
				F000000000000000000000060 /* TimelineRepository.swift */,
				F00000000000000000000052 /* SettingsViewController.swift */,
				F00000000000000000000051 /* UIKitSupport.swift */,
				F00000000000000000000050 /* AppLock.swift */,
				F0000000000000000000001A /* JournalModels.swift */,
				F0000000000000000000001B /* EntryEditorView.swift */,
				F0000000000000000000001C /* TimelineView.swift */,
				F00000000000000000000029 /* PhotoStorage.swift */,
				F0000000000000000000002B /* DayOneImport.swift */,
				F0000000000000000000002C /* ImportJournalView.swift */,
				F00000000000000000000039 /* JournalExport.swift */,
				F0000000000000000000003B /* ExportJournalView.swift */,
				F00000000000000000000008 /* Assets.xcassets */,
				F00000000000000000000044 /* Liney.icon */,
				F00000000000000000000009 /* Localizable.xcstrings */,
				F0000000000000000000003F /* InfoPlist.strings */,
				F00000000000000000000063 /* PrivacyInfo.xcprivacy */,
			);
			path = Liney;
			sourceTree = "<group>";
		};
		F0000000000000000000001F /* LineyTests */ = {
			isa = PBXGroup;
			children = (
				F0000000000000000000001D /* JournalEntryFlowTests.swift */,
				F0000000000000000000002D /* DayOneImportTests.swift */,
				F00000000000000000000046 /* Fixtures */,
				F00000000000000000000037 /* JournalExportTests.swift */,
				F0000000000000000000003D /* AppLockTests.swift */,
				F000000000000000000000A1 /* StorageFullTests.swift */,
				F000000000000000000000A3 /* InterruptedTransferTests.swift */,
				F000000000000000000000A5 /* PhotoQuarantineTests.swift */,
			);
			path = LineyTests;
			sourceTree = "<group>";
		};
/* End PBXGroup section */

/* Begin PBXNativeTarget section */
		F00000000000000000000002 /* Liney */ = {
			isa = PBXNativeTarget;
			buildConfigurationList = F00000000000000000000010 /* Build configuration list for PBXNativeTarget "Liney" */;
			buildPhases = (
				F0000000000000000000000D /* Sources */,
				F00000000000000000000033 /* Frameworks */,
				F0000000000000000000000E /* Resources */,
			);
			buildRules = (
			);
			dependencies = (
			);
			name = Liney;
			packageProductDependencies = (
				F00000000000000000000035 /* ZIPFoundation */,
			);
			productName = Liney;
			productReference = F00000000000000000000003 /* Liney.app */;
			productType = "com.apple.product-type.application";
		};
		F00000000000000000000020 /* LineyTests */ = {
			isa = PBXNativeTarget;
			buildConfigurationList = F00000000000000000000024 /* Build configuration list for PBXNativeTarget "LineyTests" */;
			buildPhases = (
				F00000000000000000000021 /* Sources */,
				F00000000000000000000022 /* Frameworks */,
				F00000000000000000000023 /* Resources */,
			);
			buildRules = (
			);
			dependencies = (
				F00000000000000000000027 /* PBXTargetDependency */,
			);
			name = LineyTests;
			packageProductDependencies = (
				F00000000000000000000036 /* ZIPFoundation */,
			);
			productName = LineyTests;
			productReference = F0000000000000000000001E /* LineyTests.xctest */;
			productType = "com.apple.product-type.bundle.unit-test";
		};
/* End PBXNativeTarget section */

/* Begin PBXProject section */
		F00000000000000000000001 /* Project object */ = {
			isa = PBXProject;
			attributes = {
				BuildIndependentTargetsInParallel = 1;
				LastSwiftUpdateCheck = 2660;
				LastUpgradeCheck = 2660;
				TargetAttributes = {
					F00000000000000000000002 = {
						CreatedOnToolsVersion = 26.6;
					};
					F00000000000000000000020 = {
						CreatedOnToolsVersion = 26.6;
						TestTargetID = F00000000000000000000002;
					};
				};
			};
			buildConfigurationList = F00000000000000000000013 /* Build configuration list for PBXProject "Liney" */;
			compatibilityVersion = "Xcode 14.0";
			developmentRegion = en;
			hasScannedForEncodings = 0;
			knownRegions = (
				en,
				"zh-Hans",
			);
			mainGroup = F00000000000000000000004;
			packageReferences = (
				F00000000000000000000034 /* XCRemoteSwiftPackageReference "ZIPFoundation" */,
			);
			productRefGroup = F00000000000000000000005 /* Products */;
			projectDirPath = "";
			projectRoot = "";
			targets = (
				F00000000000000000000002 /* Liney */,
				F00000000000000000000020 /* LineyTests */,
			);
		};
/* End PBXProject section */

/* Begin PBXResourcesBuildPhase section */
		F0000000000000000000000E /* Resources */ = {
			isa = PBXResourcesBuildPhase;
			buildActionMask = 2147483647;
			files = (
				F0000000000000000000000B /* Assets.xcassets in Resources */,
				F00000000000000000000043 /* Liney.icon in Resources */,
				F0000000000000000000000C /* Localizable.xcstrings in Resources */,
				F00000000000000000000040 /* InfoPlist.strings in Resources */,
				F00000000000000000000062 /* PrivacyInfo.xcprivacy in Resources */,
			);
			runOnlyForDeploymentPostprocessing = 0;
		};
		F00000000000000000000023 /* Resources */ = {
			isa = PBXResourcesBuildPhase;
			buildActionMask = 2147483647;
			files = (
				F00000000000000000000045 /* Fixtures in Resources */,
			);
			runOnlyForDeploymentPostprocessing = 0;
		};
/* End PBXResourcesBuildPhase section */

/* Begin PBXSourcesBuildPhase section */
		F0000000000000000000000D /* Sources */ = {
			isa = PBXSourcesBuildPhase;
			buildActionMask = 2147483647;
			files = (
				F0000000000000000000000A /* LineyApp.swift in Sources */,
				F000000000000000000000061 /* TimelineRepository.swift in Sources */,
				F0000000000000000000005C /* SettingsViewController.swift in Sources */,
				F0000000000000000000005B /* UIKitSupport.swift in Sources */,
				F0000000000000000000005A /* AppLock.swift in Sources */,
				F00000000000000000000016 /* JournalModels.swift in Sources */,
				F00000000000000000000017 /* EntryEditorView.swift in Sources */,
				F00000000000000000000018 /* TimelineView.swift in Sources */,
				F0000000000000000000002A /* PhotoStorage.swift in Sources */,
				F0000000000000000000002E /* DayOneImport.swift in Sources */,
				F0000000000000000000002F /* ImportJournalView.swift in Sources */,
				F0000000000000000000003A /* JournalExport.swift in Sources */,
				F0000000000000000000003C /* ExportJournalView.swift in Sources */,
			);
			runOnlyForDeploymentPostprocessing = 0;
		};
		F00000000000000000000021 /* Sources */ = {
			isa = PBXSourcesBuildPhase;
			buildActionMask = 2147483647;
			files = (
				F00000000000000000000019 /* JournalEntryFlowTests.swift in Sources */,
				F00000000000000000000030 /* DayOneImportTests.swift in Sources */,
				F00000000000000000000038 /* JournalExportTests.swift in Sources */,
				F0000000000000000000003E /* AppLockTests.swift in Sources */,
				F000000000000000000000A2 /* StorageFullTests.swift in Sources */,
				F000000000000000000000A4 /* InterruptedTransferTests.swift in Sources */,
				F000000000000000000000A6 /* PhotoQuarantineTests.swift in Sources */,
			);
			runOnlyForDeploymentPostprocessing = 0;
		};
/* End PBXSourcesBuildPhase section */

/* Begin PBXTargetDependency section */
		F00000000000000000000027 /* PBXTargetDependency */ = {
			isa = PBXTargetDependency;
			target = F00000000000000000000002 /* Liney */;
			targetProxy = F00000000000000000000028 /* PBXContainerItemProxy */;
		};
/* End PBXTargetDependency section */

/* Begin PBXVariantGroup section */
		F0000000000000000000003F /* InfoPlist.strings */ = {
			isa = PBXVariantGroup;
			children = (
				F00000000000000000000041 /* en */,
				F00000000000000000000042 /* zh-Hans */,
			);
			name = InfoPlist.strings;
			sourceTree = "<group>";
		};
/* End PBXVariantGroup section */

/* Begin XCBuildConfiguration section */
		F00000000000000000000011 /* Debug */ = {
			isa = XCBuildConfiguration;
			buildSettings = {
				ASSETCATALOG_COMPILER_APPICON_NAME = Liney;
				ASSETCATALOG_COMPILER_GENERATE_ASSET_SYMBOL_FRAMEWORKS = UIKit;
				ASSETCATALOG_COMPILER_GENERATE_SWIFT_ASSET_SYMBOL_EXTENSIONS = YES;
				ASSETCATALOG_COMPILER_GLOBAL_ACCENT_COLOR_NAME = LineyAqua;
				CODE_SIGN_STYLE = Automatic;
				CURRENT_PROJECT_VERSION = 4;
				DEVELOPMENT_TEAM = VFTWWNGQV8;
				ENABLE_PREVIEWS = YES;
				GENERATE_INFOPLIST_FILE = YES;
				INFOPLIST_KEY_CFBundleDisplayName = Liney;
				INFOPLIST_KEY_LSApplicationCategoryType = "public.app-category.lifestyle";
				INFOPLIST_KEY_NSFaceIDUsageDescription = "Use Face ID to unlock your private journal.";
				INFOPLIST_KEY_UIApplicationSceneManifest_Generation = YES;
				INFOPLIST_KEY_UIApplicationSupportsIndirectInputEvents = YES;
				INFOPLIST_KEY_UILaunchScreen_Generation = YES;
				INFOPLIST_KEY_UISupportedInterfaceOrientations_iPad = "UIInterfaceOrientationPortrait UIInterfaceOrientationPortraitUpsideDown UIInterfaceOrientationLandscapeLeft UIInterfaceOrientationLandscapeRight";
				INFOPLIST_KEY_UISupportedInterfaceOrientations_iPhone = "UIInterfaceOrientationPortrait UIInterfaceOrientationLandscapeLeft UIInterfaceOrientationLandscapeRight";
				IPHONEOS_DEPLOYMENT_TARGET = 17.0;
				LD_RUNPATH_SEARCH_PATHS = (
					"$(inherited)",
					"@executable_path/Frameworks",
				);
				MARKETING_VERSION = 1.0.0;
				PRODUCT_BUNDLE_IDENTIFIER = com.liney.app;
				PRODUCT_NAME = "$(TARGET_NAME)";
				SUPPORTED_PLATFORMS = "iphoneos iphonesimulator";
				SUPPORTS_MACCATALYST = NO;
				SUPPORTS_MAC_DESIGNED_FOR_IPHONE_IPAD = NO;
				SWIFT_EMIT_LOC_STRINGS = YES;
				SWIFT_VERSION = 5.0;
				TARGETED_DEVICE_FAMILY = "1,2";
			};
			name = Debug;
		};
		F00000000000000000000012 /* Release */ = {
			isa = XCBuildConfiguration;
			buildSettings = {
				ASSETCATALOG_COMPILER_APPICON_NAME = Liney;
				ASSETCATALOG_COMPILER_GENERATE_ASSET_SYMBOL_FRAMEWORKS = UIKit;
				ASSETCATALOG_COMPILER_GENERATE_SWIFT_ASSET_SYMBOL_EXTENSIONS = YES;
				ASSETCATALOG_COMPILER_GLOBAL_ACCENT_COLOR_NAME = LineyAqua;
				CODE_SIGN_STYLE = Automatic;
				CURRENT_PROJECT_VERSION = 4;
				DEVELOPMENT_TEAM = VFTWWNGQV8;
				ENABLE_PREVIEWS = YES;
				GENERATE_INFOPLIST_FILE = YES;
				INFOPLIST_KEY_CFBundleDisplayName = Liney;
				INFOPLIST_KEY_LSApplicationCategoryType = "public.app-category.lifestyle";
				INFOPLIST_KEY_NSFaceIDUsageDescription = "Use Face ID to unlock your private journal.";
				INFOPLIST_KEY_UIApplicationSceneManifest_Generation = YES;
				INFOPLIST_KEY_UIApplicationSupportsIndirectInputEvents = YES;
				INFOPLIST_KEY_UILaunchScreen_Generation = YES;
				INFOPLIST_KEY_UISupportedInterfaceOrientations_iPad = "UIInterfaceOrientationPortrait UIInterfaceOrientationPortraitUpsideDown UIInterfaceOrientationLandscapeLeft UIInterfaceOrientationLandscapeRight";
				INFOPLIST_KEY_UISupportedInterfaceOrientations_iPhone = "UIInterfaceOrientationPortrait UIInterfaceOrientationLandscapeLeft UIInterfaceOrientationLandscapeRight";
				IPHONEOS_DEPLOYMENT_TARGET = 17.0;
				LD_RUNPATH_SEARCH_PATHS = (
					"$(inherited)",
					"@executable_path/Frameworks",
				);
				MARKETING_VERSION = 1.0.0;
				PRODUCT_BUNDLE_IDENTIFIER = com.liney.app;
				PRODUCT_NAME = "$(TARGET_NAME)";
				SUPPORTED_PLATFORMS = "iphoneos iphonesimulator";
				SUPPORTS_MACCATALYST = NO;
				SUPPORTS_MAC_DESIGNED_FOR_IPHONE_IPAD = NO;
				SWIFT_EMIT_LOC_STRINGS = YES;
				SWIFT_VERSION = 5.0;
				TARGETED_DEVICE_FAMILY = "1,2";
			};
			name = Release;
		};
		F00000000000000000000014 /* Debug */ = {
			isa = XCBuildConfiguration;
			buildSettings = {
				ALWAYS_SEARCH_USER_PATHS = NO;
				CLANG_ANALYZER_NONNULL = YES;
				CLANG_ANALYZER_NUMBER_OBJECT_CONVERSION = YES_AGGRESSIVE;
				CLANG_CXX_LANGUAGE_STANDARD = "gnu++20";
				CLANG_ENABLE_MODULES = YES;
				CLANG_ENABLE_OBJC_ARC = YES;
				CLANG_ENABLE_OBJC_WEAK = YES;
				CLANG_WARN_BLOCK_CAPTURE_AUTORELEASING = YES;
				CLANG_WARN_BOOL_CONVERSION = YES;
				CLANG_WARN_COMMA = YES;
				CLANG_WARN_CONSTANT_CONVERSION = YES;
				CLANG_WARN_DEPRECATED_OBJC_IMPLEMENTATIONS = YES;
				CLANG_WARN_DIRECT_OBJC_ISA_USAGE = YES_ERROR;
				CLANG_WARN_DOCUMENTATION_COMMENTS = YES;
				CLANG_WARN_EMPTY_BODY = YES;
				CLANG_WARN_ENUM_CONVERSION = YES;
				CLANG_WARN_INFINITE_RECURSION = YES;
				CLANG_WARN_INT_CONVERSION = YES;
				CLANG_WARN_NON_LITERAL_NULL_CONVERSION = YES;
				CLANG_WARN_OBJC_IMPLICIT_RETAIN_SELF = YES;
				CLANG_WARN_OBJC_LITERAL_CONVERSION = YES;
				CLANG_WARN_OBJC_ROOT_CLASS = YES_ERROR;
				CLANG_WARN_QUOTED_INCLUDE_IN_FRAMEWORK_HEADER = YES;
				CLANG_WARN_RANGE_LOOP_ANALYSIS = YES;
				CLANG_WARN_STRICT_PROTOTYPES = YES;
				CLANG_WARN_SUSPICIOUS_MOVE = YES;
				CLANG_WARN_UNGUARDED_AVAILABILITY = YES_AGGRESSIVE;
				CLANG_WARN_UNREACHABLE_CODE = YES;
				CLANG_WARN__DUPLICATE_METHOD_MATCH = YES;
				COPY_PHASE_STRIP = NO;
				DEBUG_INFORMATION_FORMAT = dwarf;
				ENABLE_STRICT_OBJC_MSGSEND = YES;
				ENABLE_TESTABILITY = YES;
				ENABLE_USER_SCRIPT_SANDBOXING = YES;
				GCC_C_LANGUAGE_STANDARD = gnu17;
				GCC_DYNAMIC_NO_PIC = NO;
				GCC_NO_COMMON_BLOCKS = YES;
				GCC_OPTIMIZATION_LEVEL = 0;
				GCC_PREPROCESSOR_DEFINITIONS = (
					"DEBUG=1",
					"$(inherited)",
				);
				GCC_WARN_64_TO_32_BIT_CONVERSION = YES;
				GCC_WARN_ABOUT_RETURN_TYPE = YES_ERROR;
				GCC_WARN_UNDECLARED_SELECTOR = YES;
				GCC_WARN_UNINITIALIZED_AUTOS = YES_AGGRESSIVE;
				GCC_WARN_UNUSED_FUNCTION = YES;
				GCC_WARN_UNUSED_VARIABLE = YES;
				IPHONEOS_DEPLOYMENT_TARGET = 17.0;
				LOCALIZATION_PREFERS_STRING_CATALOGS = YES;
				MTL_ENABLE_DEBUG_INFO = INCLUDE_SOURCE;
				MTL_FAST_MATH = YES;
				ONLY_ACTIVE_ARCH = YES;
				SDKROOT = iphoneos;
				SWIFT_ACTIVE_COMPILATION_CONDITIONS = DEBUG;
				SWIFT_OPTIMIZATION_LEVEL = "-Onone";
			};
			name = Debug;
		};
		F00000000000000000000015 /* Release */ = {
			isa = XCBuildConfiguration;
			buildSettings = {
				ALWAYS_SEARCH_USER_PATHS = NO;
				CLANG_ANALYZER_NONNULL = YES;
				CLANG_ANALYZER_NUMBER_OBJECT_CONVERSION = YES_AGGRESSIVE;
				CLANG_CXX_LANGUAGE_STANDARD = "gnu++20";
				CLANG_ENABLE_MODULES = YES;
				CLANG_ENABLE_OBJC_ARC = YES;
				CLANG_ENABLE_OBJC_WEAK = YES;
				CLANG_WARN_BLOCK_CAPTURE_AUTORELEASING = YES;
				CLANG_WARN_BOOL_CONVERSION = YES;
				CLANG_WARN_COMMA = YES;
				CLANG_WARN_CONSTANT_CONVERSION = YES;
				CLANG_WARN_DEPRECATED_OBJC_IMPLEMENTATIONS = YES;
				CLANG_WARN_DIRECT_OBJC_ISA_USAGE = YES_ERROR;
				CLANG_WARN_DOCUMENTATION_COMMENTS = YES;
				CLANG_WARN_EMPTY_BODY = YES;
				CLANG_WARN_ENUM_CONVERSION = YES;
				CLANG_WARN_INFINITE_RECURSION = YES;
				CLANG_WARN_INT_CONVERSION = YES;
				CLANG_WARN_NON_LITERAL_NULL_CONVERSION = YES;
				CLANG_WARN_OBJC_IMPLICIT_RETAIN_SELF = YES;
				CLANG_WARN_OBJC_LITERAL_CONVERSION = YES;
				CLANG_WARN_OBJC_ROOT_CLASS = YES_ERROR;
				CLANG_WARN_QUOTED_INCLUDE_IN_FRAMEWORK_HEADER = YES;
				CLANG_WARN_RANGE_LOOP_ANALYSIS = YES;
				CLANG_WARN_STRICT_PROTOTYPES = YES;
				CLANG_WARN_SUSPICIOUS_MOVE = YES;
				CLANG_WARN_UNGUARDED_AVAILABILITY = YES_AGGRESSIVE;
				CLANG_WARN_UNREACHABLE_CODE = YES;
				CLANG_WARN__DUPLICATE_METHOD_MATCH = YES;
				COPY_PHASE_STRIP = NO;
				DEBUG_INFORMATION_FORMAT = "dwarf-with-dsym";
				ENABLE_NS_ASSERTIONS = NO;
				ENABLE_STRICT_OBJC_MSGSEND = YES;
				ENABLE_USER_SCRIPT_SANDBOXING = YES;
				GCC_C_LANGUAGE_STANDARD = gnu17;
				GCC_NO_COMMON_BLOCKS = YES;
				GCC_WARN_64_TO_32_BIT_CONVERSION = YES;
				GCC_WARN_ABOUT_RETURN_TYPE = YES_ERROR;
				GCC_WARN_UNDECLARED_SELECTOR = YES;
				GCC_WARN_UNINITIALIZED_AUTOS = YES_AGGRESSIVE;
				GCC_WARN_UNUSED_FUNCTION = YES;
				GCC_WARN_UNUSED_VARIABLE = YES;
				IPHONEOS_DEPLOYMENT_TARGET = 17.0;
				LOCALIZATION_PREFERS_STRING_CATALOGS = YES;
				MTL_ENABLE_DEBUG_INFO = NO;
				MTL_FAST_MATH = YES;
				SDKROOT = iphoneos;
				SWIFT_COMPILATION_MODE = wholemodule;
				VALIDATE_PRODUCT = YES;
			};
			name = Release;
		};
		F00000000000000000000025 /* Debug */ = {
			isa = XCBuildConfiguration;
			buildSettings = {
				BUNDLE_LOADER = "$(TEST_HOST)";
				CODE_SIGN_STYLE = Automatic;
				CURRENT_PROJECT_VERSION = 4;
				DEVELOPMENT_TEAM = VFTWWNGQV8;
				GENERATE_INFOPLIST_FILE = YES;
				IPHONEOS_DEPLOYMENT_TARGET = 17.0;
				LD_RUNPATH_SEARCH_PATHS = (
					"$(inherited)",
					"@executable_path/Frameworks",
					"@loader_path/Frameworks",
				);
				MARKETING_VERSION = 1.0.0;
				PRODUCT_BUNDLE_IDENTIFIER = com.liney.app.tests;
				PRODUCT_NAME = "$(TARGET_NAME)";
				SUPPORTED_PLATFORMS = "iphoneos iphonesimulator";
				SWIFT_VERSION = 5.0;
				TARGETED_DEVICE_FAMILY = "1,2";
				TEST_HOST = "$(BUILT_PRODUCTS_DIR)/Liney.app/$(BUNDLE_EXECUTABLE_FOLDER_PATH)/Liney";
			};
			name = Debug;
		};
		F00000000000000000000026 /* Release */ = {
			isa = XCBuildConfiguration;
			buildSettings = {
				BUNDLE_LOADER = "$(TEST_HOST)";
				CODE_SIGN_STYLE = Automatic;
				CURRENT_PROJECT_VERSION = 4;
				DEVELOPMENT_TEAM = VFTWWNGQV8;
				GENERATE_INFOPLIST_FILE = YES;
				IPHONEOS_DEPLOYMENT_TARGET = 17.0;
				LD_RUNPATH_SEARCH_PATHS = (
					"$(inherited)",
					"@executable_path/Frameworks",
					"@loader_path/Frameworks",
				);
				MARKETING_VERSION = 1.0.0;
				PRODUCT_BUNDLE_IDENTIFIER = com.liney.app.tests;
				PRODUCT_NAME = "$(TARGET_NAME)";
				SUPPORTED_PLATFORMS = "iphoneos iphonesimulator";
				SWIFT_VERSION = 5.0;
				TARGETED_DEVICE_FAMILY = "1,2";
				TEST_HOST = "$(BUILT_PRODUCTS_DIR)/Liney.app/$(BUNDLE_EXECUTABLE_FOLDER_PATH)/Liney";
			};
			name = Release;
		};
/* End XCBuildConfiguration section */

/* Begin XCConfigurationList section */
		F00000000000000000000010 /* Build configuration list for PBXNativeTarget "Liney" */ = {
			isa = XCConfigurationList;
			buildConfigurations = (
				F00000000000000000000011 /* Debug */,
				F00000000000000000000012 /* Release */,
			);
			defaultConfigurationIsVisible = 0;
			defaultConfigurationName = Release;
		};
		F00000000000000000000013 /* Build configuration list for PBXProject "Liney" */ = {
			isa = XCConfigurationList;
			buildConfigurations = (
				F00000000000000000000014 /* Debug */,
				F00000000000000000000015 /* Release */,
			);
			defaultConfigurationIsVisible = 0;
			defaultConfigurationName = Release;
		};
		F00000000000000000000024 /* Build configuration list for PBXNativeTarget "LineyTests" */ = {
			isa = XCConfigurationList;
			buildConfigurations = (
				F00000000000000000000025 /* Debug */,
				F00000000000000000000026 /* Release */,
			);
			defaultConfigurationIsVisible = 0;
			defaultConfigurationName = Release;
		};
/* End XCConfigurationList section */

/* Begin XCRemoteSwiftPackageReference section */
		F00000000000000000000034 /* XCRemoteSwiftPackageReference "ZIPFoundation" */ = {
			isa = XCRemoteSwiftPackageReference;
			repositoryURL = "https://github.com/weichsel/ZIPFoundation.git";
			requirement = {
				kind = upToNextMajorVersion;
				minimumVersion = 0.9.20;
			};
		};
/* End XCRemoteSwiftPackageReference section */

/* Begin XCSwiftPackageProductDependency section */
		F00000000000000000000035 /* ZIPFoundation */ = {
			isa = XCSwiftPackageProductDependency;
			package = F00000000000000000000034 /* XCRemoteSwiftPackageReference "ZIPFoundation" */;
			productName = ZIPFoundation;
		};
		F00000000000000000000036 /* ZIPFoundation */ = {
			isa = XCSwiftPackageProductDependency;
			package = F00000000000000000000034 /* XCRemoteSwiftPackageReference "ZIPFoundation" */;
			productName = ZIPFoundation;
		};
/* End XCSwiftPackageProductDependency section */
	};
	rootObject = F00000000000000000000001 /* Project object */;
}
